
Microsoft Visual Studio Solution File, Format Version 12.00
# Visual Studio 15
VisualStudioVersion = 15.0.27703.2000
MinimumVisualStudioVersion = 10.0.40219.1
Project("{2150E333-8FDC-42A3-9474-1A3956D46DE8}") = "Solution Items", "Solution Items", "{01B84E09-7D4F-4415-95AD-C9291497D28C}"
	ProjectSection(SolutionItems) = preProject
		.editorconfig = .editorconfig
	EndProjectSection
EndProject
Project("{8BC9CEB8-8B4A-11D0-8D11-00A0C91BC942}") = "injdrv", "src\injdrv\injdrv.vcxproj", "{46A74761-6CFA-41AF-A536-47F08E2C7B48}"
EndProject
Project("{8BC9CEB8-8B4A-11D0-8D11-00A0C91BC942}") = "injdll", "src\injdll\injdll.vcxproj", "{558C8AC2-041C-44AC-B41C-2DAB9277A3AB}"
EndProject
Project("{8BC9CEB8-8B4A-11D0-8D11-00A0C91BC942}") = "DetoursNT", "src\DetoursNT\DetoursNT\DetoursNT.vcxproj", "{C78B9003-FC49-4BBF-8F29-52FAD48BB58A}"
EndProject
Project("{8BC9CEB8-8B4A-11D0-8D11-00A0C91BC942}") = "injldr", "src\injldr\injldr.vcxproj", "{A72DAEF5-C739-4E70-B57E-4310ABA03749}"
EndProject
Project("{8BC9CEB8-8B4A-11D0-8D11-00A0C91BC942}") = "injlib", "src\injlib\injlib.vcxproj", "{E2ABAE21-2862-4356-BA49-28C060878D76}"
EndProject
Global
	GlobalSection(SolutionConfigurationPlatforms) = preSolution
		Debug|ARM = Debug|ARM
		Debug|ARM64 = Debug|ARM64
		Debug|x64 = Debug|x64
		Debug|x86 = Debug|x86
		Release|ARM = Release|ARM
		Release|ARM64 = Release|ARM64
		Release|x64 = Release|x64
		Release|x86 = Release|x86
	EndGlobalSection
	GlobalSection(ProjectConfigurationPlatforms) = postSolution
		{46A74761-6CFA-41AF-A536-47F08E2C7B48}.Debug|ARM.ActiveCfg = Debug|ARM64
		{46A74761-6CFA-41AF-A536-47F08E2C7B48}.Debug|ARM.Build.0 = Debug|ARM64
		{46A74761-6CFA-41AF-A536-47F08E2C7B48}.Debug|ARM64.ActiveCfg = Debug|ARM64
		{46A74761-6CFA-41AF-A536-47F08E2C7B48}.Debug|ARM64.Build.0 = Debug|ARM64
		{46A74761-6CFA-41AF-A536-47F08E2C7B48}.Debug|x64.ActiveCfg = Debug|x64
		{46A74761-6CFA-41AF-A536-47F08E2C7B48}.Debug|x64.Build.0 = Debug|x64
		{46A74761-6CFA-41AF-A536-47F08E2C7B48}.Debug|x86.ActiveCfg = Debug|Win32
		{46A74761-6CFA-41AF-A536-47F08E2C7B48}.Debug|x86.Build.0 = Debug|Win32
		{46A74761-6CFA-41AF-A536-47F08E2C7B48}.Release|ARM.ActiveCfg = Release|Win32
		{46A74761-6CFA-41AF-A536-47F08E2C7B48}.Release|ARM64.ActiveCfg = Release|ARM64
		{46A74761-6CFA-41AF-A536-47F08E2C7B48}.Release|ARM64.Build.0 = Release|ARM64
		{46A74761-6CFA-41AF-A536-47F08E2C7B48}.Release|x64.ActiveCfg = Release|x64
		{46A74761-6CFA-41AF-A536-47F08E2C7B48}.Release|x64.Build.0 = Release|x64
		{46A74761-6CFA-41AF-A536-47F08E2C7B48}.Release|x86.ActiveCfg = Release|Win32
		{46A74761-6CFA-41AF-A536-47F08E2C7B48}.Release|x86.Build.0 = Release|Win32
		{558C8AC2-041C-44AC-B41C-2DAB9277A3AB}.Debug|ARM.ActiveCfg = Debug|ARM
		{558C8AC2-041C-44AC-B41C-2DAB9277A3AB}.Debug|ARM.Build.0 = Debug|ARM
		{558C8AC2-041C-44AC-B41C-2DAB9277A3AB}.Debug|ARM64.ActiveCfg = Debug|ARM64
		{558C8AC2-041C-44AC-B41C-2DAB9277A3AB}.Debug|ARM64.Build.0 = Debug|ARM64
		{558C8AC2-041C-44AC-B41C-2DAB9277A3AB}.Debug|x64.ActiveCfg = Debug|x64
		{558C8AC2-041C-44AC-B41C-2DAB9277A3AB}.Debug|x64.Build.0 = Debug|x64
		{558C8AC2-041C-44AC-B41C-2DAB9277A3AB}.Debug|x86.ActiveCfg = Debug|Win32
		{558C8AC2-041C-44AC-B41C-2DAB9277A3AB}.Debug|x86.Build.0 = Debug|Win32
		{558C8AC2-041C-44AC-B41C-2DAB9277A3AB}.Release|ARM.ActiveCfg = Release|ARM
		{558C8AC2-041C-44AC-B41C-2DAB9277A3AB}.Release|ARM.Build.0 = Release|ARM
		{558C8AC2-041C-44AC-B41C-2DAB9277A3AB}.Release|ARM64.ActiveCfg = Release|ARM64
		{558C8AC2-041C-44AC-B41C-2DAB9277A3AB}.Release|ARM64.Build.0 = Release|ARM64
		{558C8AC2-041C-44AC-B41C-2DAB9277A3AB}.Release|x64.ActiveCfg = Release|x64
		{558C8AC2-041C-44AC-B41C-2DAB9277A3AB}.Release|x64.Build.0 = Release|x64
		{558C8AC2-041C-44AC-B41C-2DAB9277A3AB}.Release|x86.ActiveCfg = Release|Win32
		{558C8AC2-041C-44AC-B41C-2DAB9277A3AB}.Release|x86.Build.0 = Release|Win32
		{C78B9003-FC49-4BBF-8F29-52FAD48BB58A}.Debug|ARM.ActiveCfg = Debug|ARM
		{C78B9003-FC49-4BBF-8F29-52FAD48BB58A}.Debug|ARM.Build.0 = Debug|ARM
		{C78B9003-FC49-4BBF-8F29-52FAD48BB58A}.Debug|ARM64.ActiveCfg = Debug|ARM64
		{C78B9003-FC49-4BBF-8F29-52FAD48BB58A}.Debug|ARM64.Build.0 = Debug|ARM64
		{C78B9003-FC49-4BBF-8F29-52FAD48BB58A}.Debug|x64.ActiveCfg = Debug|x64
		{C78B9003-FC49-4BBF-8F29-52FAD48BB58A}.Debug|x64.Build.0 = Debug|x64
		{C78B9003-FC49-4BBF-8F29-52FAD48BB58A}.Debug|x86.ActiveCfg = Debug|Win32
		{C78B9003-FC49-4BBF-8F29-52FAD48BB58A}.Debug|x86.Build.0 = Debug|Win32
		{C78B9003-FC49-4BBF-8F29-52FAD48BB58A}.Release|ARM.ActiveCfg = Release|ARM
		{C78B9003-FC49-4BBF-8F29-52FAD48BB58A}.Release|ARM.Build.0 = Release|ARM
		{C78B9003-FC49-4BBF-8F29-52FAD48BB58A}.Release|ARM64.ActiveCfg = Release|ARM64
		{C78B9003-FC49-4BBF-8F29-52FAD48BB58A}.Release|ARM64.Build.0 = Release|ARM64
		{C78B9003-FC49-4BBF-8F29-52FAD48BB58A}.Release|x64.ActiveCfg = Release|x64
		{C78B9003-FC49-4BBF-8F29-52FAD48BB58A}.Release|x64.Build.0 = Release|x64
		{C78B9003-FC49-4BBF-8F29-52FAD48BB58A}.Release|x86.ActiveCfg = Release|Win32
		{C78B9003-FC49-4BBF-8F29-52FAD48BB58A}.Release|x86.Build.0 = Release|Win32
		{A72DAEF5-C739-4E70-B57E-4310ABA03749}.Debug|ARM.ActiveCfg = Debug|ARM
		{A72DAEF5-C739-4E70-B57E-4310ABA03749}.Debug|ARM.Build.0 = Debug|ARM
		{A72DAEF5-C739-4E70-B57E-4310ABA03749}.Debug|ARM64.ActiveCfg = Debug|ARM64
		{A72DAEF5-C739-4E70-B57E-4310ABA03749}.Debug|ARM64.Build.0 = Debug|ARM64
		{A72DAEF5-C739-4E70-B57E-4310ABA03749}.Debug|x64.ActiveCfg = Debug|x64
		{A72DAEF5-C739-4E70-B57E-4310ABA03749}.Debug|x64.Build.0 = Debug|x64
		{A72DAEF5-C739-4E70-B57E-4310ABA03749}.Debug|x86.ActiveCfg = Debug|Win32
		{A72DAEF5-C739-4E70-B57E-4310ABA03749}.Debug|x86.Build.0 = Debug|Win32
		{A72DAEF5-C739-4E70-B57E-4310ABA03749}.Release|ARM.ActiveCfg = Release|ARM
		{A72DAEF5-C739-4E70-B57E-4310ABA03749}.Release|ARM.Build.0 = Release|ARM
		{A72DAEF5-C739-4E70-B57E-4310ABA03749}.Release|ARM64.ActiveCfg = Release|ARM64
		{A72DAEF5-C739-4E70-B57E-4310ABA03749}.Release|ARM64.Build.0 = Release|ARM64
		{A72DAEF5-C739-4E70-B57E-4310ABA03749}.Release|x64.ActiveCfg = Release|x64
		{A72DAEF5-C739-4E70-B57E-4310ABA03749}.Release|x64.Build.0 = Release|x64
		{A72DAEF5-C739-4E70-B57E-4310ABA03749}.Release|x86.ActiveCfg = Release|Win32
		{A72DAEF5-C739-4E70-B57E-4310ABA03749}.Release|x86.Build.0 = Release|Win32
		{E2ABAE21-2862-4356-BA49-28C060878D76}.Debug|ARM.ActiveCfg = Debug|Win32
		{E2ABAE21-2862-4356-BA49-28C060878D76}.Debug|ARM64.ActiveCfg = Debug|ARM64
		{E2ABAE21-2862-4356-BA49-28C060878D76}.Debug|ARM64.Build.0 = Debug|ARM64
		{E2ABAE21-2862-4356-BA49-28C060878D76}.Debug|x64.ActiveCfg = Debug|x64
		{E2ABAE21-2862-4356-BA49-28C060878D76}.Debug|x64.Build.0 = Debug|x64
		{E2ABAE21-2862-4356-BA49-28C060878D76}.Debug|x86.ActiveCfg = Debug|Win32
		{E2ABAE21-2862-4356-BA49-28C060878D76}.Debug|x86.Build.0 = Debug|Win32
		{E2ABAE21-2862-4356-BA49-28C060878D76}.Release|ARM.ActiveCfg = Release|Win32
		{E2ABAE21-2862-4356-BA49-28C060878D76}.Release|ARM64.ActiveCfg = Release|ARM64
		{E2ABAE21-2862-4356-BA49-28C060878D76}.Release|ARM64.Build.0 = Release|ARM64
		{E2ABAE21-2862-4356-BA49-28C060878D76}.Release|x64.ActiveCfg = Release|x64
		{E2ABAE21-2862-4356-BA49-28C060878D76}.Release|x64.Build.0 = Release|x64
		{E2ABAE21-2862-4356-BA49-28C060878D76}.Release|x86.ActiveCfg = Release|Win32
		{E2ABAE21-2862-4356-BA49-28C060878D76}.Release|x86.Build.0 = Release|Win32
	EndGlobalSection
	GlobalSection(SolutionProperties) = preSolution
		HideSolutionNode = FALSE
	EndGlobalSection
	GlobalSection(ExtensibilityGlobals) = postSolution
		SolutionGuid = {B2F42D07-8CF5-40C5-924F-6EAB82D9ABF0}
	EndGlobalSection
EndGlobal
