<?xml version="1.0" encoding="utf-8"?>
<Project ToolsVersion="4.0" xmlns="http://schemas.microsoft.com/developer/msbuild/2003">
  <ItemGroup>
    <Filter Include="Source Files">
      <UniqueIdentifier>{4FC737F1-C7A5-4376-A066-2A32D752A2FF}</UniqueIdentifier>
      <Extensions>cpp;c;cc;cxx;def;odl;idl;hpj;bat;asm;asmx</Extensions>
    </Filter>
    <Filter Include="Header Files">
      <UniqueIdentifier>{93995380-89BD-4b04-88EB-625FBE52EBFB}</UniqueIdentifier>
      <Extensions>h;hpp;hxx;hm;inl;inc;xsd</Extensions>
    </Filter>
    <Filter Include="Resource Files">
      <UniqueIdentifier>{67DA6AB6-F800-4c08-8B7A-83BB121AAD01}</UniqueIdentifier>
      <Extensions>rc;ico;cur;bmp;dlg;rc2;rct;bin;rgs;gif;jpg;jpeg;jpe;resx;tiff;tif;png;wav;mfcribbon-ms</Extensions>
    </Filter>
    <Filter Include="Source Files\amd64">
      <UniqueIdentifier>{69cf6641-fdb4-4b80-82af-dadc1ef3f48e}</UniqueIdentifier>
    </Filter>
    <Filter Include="Header Files\nt">
      <UniqueIdentifier>{295c0a63-4c99-4652-81e4-cbe5e2b3c5da}</UniqueIdentifier>
    </Filter>
    <Filter Include="Header Files\utils">
      <UniqueIdentifier>{7a81451e-5494-41a7-bcb3-3013cd8d06a5}</UniqueIdentifier>
    </Filter>
    <Filter Include="Source Files\utils">
      <UniqueIdentifier>{de86e36d-d476-4344-b83e-54c3aecf391e}</UniqueIdentifier>
    </Filter>
  </ItemGroup>
  <ItemGroup>
    <ClCompile Include="utils\image.c">
      <Filter>Source Files\utils</Filter>
    </ClCompile>
    <ClCompile Include="entry.c">
      <Filter>Source Files</Filter>
    </ClCompile>
    <ClCompile Include="apcinject.c">
      <Filter>Source Files</Filter>
    </ClCompile>
  </ItemGroup>
  <ItemGroup>
    <MASM Include="amd64\load.asm">
      <Filter>Source Files\amd64</Filter>
    </MASM>
  </ItemGroup>
  <ItemGroup>
    <ClInclude Include="nt\ntapc.h">
      <Filter>Header Files\nt</Filter>
    </ClInclude>
    <ClInclude Include="nt\rtlapi.h">
      <Filter>Header Files\nt</Filter>
    </ClInclude>
    <ClInclude Include="nt\ntimage.h">
      <Filter>Header Files\nt</Filter>
    </ClInclude>
    <ClInclude Include="utils\image.h">
      <Filter>Header Files\utils</Filter>
    </ClInclude>
    <ClInclude Include="apcinject.h">
      <Filter>Header Files</Filter>
    </ClInclude>
    <ClInclude Include="entry.h">
      <Filter>Header Files</Filter>
    </ClInclude>
  </ItemGroup>
</Project>